
Microsoft Visual Studio Solution File, Format Version 12.00
# Visual Studio Version 17
VisualStudioVersion = 17.4.33213.308
MinimumVisualStudioVersion = 10.0.40219.1
Project("{FAE04EC0-301F-11D3-BF4B-00C04F79EFBC}") = "UsersService", "UsersService\UsersService.csproj", "{4BB0FE38-4425-4EF3-8D57-18A312849EBF}"
EndProject
Global
	GlobalSection(SolutionConfigurationPlatforms) = preSolution
		Debug|Any CPU = Debug|Any CPU
		Release|Any CPU = Release|Any CPU
	EndGlobalSection
	GlobalSection(ProjectConfigurationPlatforms) = postSolution
		{4BB0FE38-4425-4EF3-8D57-18A312849EBF}.Debug|Any CPU.ActiveCfg = Debug|Any CPU
		{4BB0FE38-4425-4EF3-8D57-18A312849EBF}.Debug|Any CPU.Build.0 = Debug|Any CPU
		{4BB0FE38-4425-4EF3-8D57-18A312849EBF}.Release|Any CPU.ActiveCfg = Release|Any CPU
		{4BB0FE38-4425-4EF3-8D57-18A312849EBF}.Release|Any CPU.Build.0 = Release|Any CPU
	EndGlobalSection
	GlobalSection(SolutionProperties) = preSolution
		HideSolutionNode = FALSE
	EndGlobalSection
	GlobalSection(ExtensibilityGlobals) = postSolution
		SolutionGuid = {304E94D0-502D-4B6E-AB22-08375833B370}
	EndGlobalSection
EndGlobal
